
Microsoft Visual Studio Solution File, Format Version 12.00
# Visual Studio 15
VisualStudioVersion = 15.0.27130.0
MinimumVisualStudioVersion = 10.0.40219.1
Project("{FAE04EC0-301F-11D3-BF4B-00C04F79EFBC}") = "FileAPI", "FileAPI\FileAPI.csproj", "{3EFB3437-5F1E-4642-AF2C-35D7B9539798}"
EndProject
Project("{FAE04EC0-301F-11D3-BF4B-00C04F79EFBC}") = "FileHandler.Implementation", "FileHandler.Implementation\FileHandler.Implementation.csproj", "{81591C13-F318-454B-B246-05CECC317216}"
EndProject
Project("{FAE04EC0-301F-11D3-BF4B-00C04F79EFBC}") = "FileHandler.Interface", "FileHandler.Interface\FileHandler.Interface.csproj", "{849628A2-F6AA-4CEF-8F55-A586E2348071}"
EndProject
Global
	GlobalSection(SolutionConfigurationPlatforms) = preSolution
		Debug|Any CPU = Debug|Any CPU
		Release|Any CPU = Release|Any CPU
	EndGlobalSection
	GlobalSection(ProjectConfigurationPlatforms) = postSolution
		{3EFB3437-5F1E-4642-AF2C-35D7B9539798}.Debug|Any CPU.ActiveCfg = Debug|Any CPU
		{3EFB3437-5F1E-4642-AF2C-35D7B9539798}.Debug|Any CPU.Build.0 = Debug|Any CPU
		{3EFB3437-5F1E-4642-AF2C-35D7B9539798}.Release|Any CPU.ActiveCfg = Release|Any CPU
		{3EFB3437-5F1E-4642-AF2C-35D7B9539798}.Release|Any CPU.Build.0 = Release|Any CPU
		{81591C13-F318-454B-B246-05CECC317216}.Debug|Any CPU.ActiveCfg = Debug|Any CPU
		{81591C13-F318-454B-B246-05CECC317216}.Debug|Any CPU.Build.0 = Debug|Any CPU
		{81591C13-F318-454B-B246-05CECC317216}.Release|Any CPU.ActiveCfg = Release|Any CPU
		{81591C13-F318-454B-B246-05CECC317216}.Release|Any CPU.Build.0 = Release|Any CPU
		{849628A2-F6AA-4CEF-8F55-A586E2348071}.Debug|Any CPU.ActiveCfg = Debug|Any CPU
		{849628A2-F6AA-4CEF-8F55-A586E2348071}.Debug|Any CPU.Build.0 = Debug|Any CPU
		{849628A2-F6AA-4CEF-8F55-A586E2348071}.Release|Any CPU.ActiveCfg = Release|Any CPU
		{849628A2-F6AA-4CEF-8F55-A586E2348071}.Release|Any CPU.Build.0 = Release|Any CPU
	EndGlobalSection
	GlobalSection(SolutionProperties) = preSolution
		HideSolutionNode = FALSE
	EndGlobalSection
	GlobalSection(ExtensibilityGlobals) = postSolution
		SolutionGuid = {BEFC3B02-17E1-4316-BCBD-1BE60950A4D4}
	EndGlobalSection
EndGlobal
